// !$*UTF8*$!
{
	archiveVersion = 1;
	classes = {
	};
	objectVersion = 50;
	objects = {

/* Begin PBXBuildFile section */
		0E4087F02433DF47004CA1C9 /* Records.xib in Resources */ = {isa = PBXBuildFile; fileRef = 0E4087EE2433DF47004CA1C9 /* Records.xib */; };
		0E4087F12433DF47004CA1C9 /* RecordsViewController.swift in Sources */ = {isa = PBXBuildFile; fileRef = 0E4087EF2433DF47004CA1C9 /* RecordsViewController.swift */; };
		0E4087F42433EED6004CA1C9 /* RecordModel.swift in Sources */ = {isa = PBXBuildFile; fileRef = 0E4087F32433EED6004CA1C9 /* RecordModel.swift */; };
		0E4087F62433F008004CA1C9 /* RecordsHistoryService.swift in Sources */ = {isa = PBXBuildFile; fileRef = 0E4087F52433F008004CA1C9 /* RecordsHistoryService.swift */; };
		0E4087F82433F106004CA1C9 /* ViewController.swift in Sources */ = {isa = PBXBuildFile; fileRef = 0E4087F72433F106004CA1C9 /* ViewController.swift */; };
		0E4087FB2433F115004CA1C9 /* Main.storyboard in Resources */ = {isa = PBXBuildFile; fileRef = 0E4087F92433F115004CA1C9 /* Main.storyboard */; };
		0E4087FE2433F29A004CA1C9 /* Guess1.xib in Resources */ = {isa = PBXBuildFile; fileRef = 0E4087FC2433F299004CA1C9 /* Guess1.xib */; };
		0E4087FF2433F29A004CA1C9 /* Guess1ViewController.swift in Sources */ = {isa = PBXBuildFile; fileRef = 0E4087FD2433F299004CA1C9 /* Guess1ViewController.swift */; };
		0E4088022433F2AB004CA1C9 /* Guess2.storyboard in Resources */ = {isa = PBXBuildFile; fileRef = 0E4088002433F2AB004CA1C9 /* Guess2.storyboard */; };
		0E4088032433F2AB004CA1C9 /* Guess2ViewController.swift in Sources */ = {isa = PBXBuildFile; fileRef = 0E4088012433F2AB004CA1C9 /* Guess2ViewController.swift */; };
		0E4088052433F66D004CA1C9 /* RecordCell.swift in Sources */ = {isa = PBXBuildFile; fileRef = 0E4088042433F66D004CA1C9 /* RecordCell.swift */; };
		0E40880724340ABA004CA1C9 /* RecordCell.xib in Resources */ = {isa = PBXBuildFile; fileRef = 0E40880624340ABA004CA1C9 /* RecordCell.xib */; };
		0E8AFA5124217B2B00795EBC /* AppDelegate.swift in Sources */ = {isa = PBXBuildFile; fileRef = 0E8AFA5024217B2B00795EBC /* AppDelegate.swift */; };
		0E8AFA5324217B2B00795EBC /* SceneDelegate.swift in Sources */ = {isa = PBXBuildFile; fileRef = 0E8AFA5224217B2B00795EBC /* SceneDelegate.swift */; };
		0E8AFA5A24217B2C00795EBC /* Assets.xcassets in Resources */ = {isa = PBXBuildFile; fileRef = 0E8AFA5924217B2C00795EBC /* Assets.xcassets */; };
		0E8AFA5D24217B2C00795EBC /* LaunchScreen.storyboard in Resources */ = {isa = PBXBuildFile; fileRef = 0E8AFA5B24217B2C00795EBC /* LaunchScreen.storyboard */; };
/* End PBXBuildFile section */

/* Begin PBXFileReference section */
		0E4087EE2433DF47004CA1C9 /* Records.xib */ = {isa = PBXFileReference; fileEncoding = 4; lastKnownFileType = file.xib; path = Records.xib; sourceTree = "<group>"; };
		0E4087EF2433DF47004CA1C9 /* RecordsViewController.swift */ = {isa = PBXFileReference; fileEncoding = 4; lastKnownFileType = sourcecode.swift; path = RecordsViewController.swift; sourceTree = "<group>"; };
		0E4087F32433EED6004CA1C9 /* RecordModel.swift */ = {isa = PBXFileReference; lastKnownFileType = sourcecode.swift; path = RecordModel.swift; sourceTree = "<group>"; };
		0E4087F52433F008004CA1C9 /* RecordsHistoryService.swift */ = {isa = PBXFileReference; lastKnownFileType = sourcecode.swift; path = RecordsHistoryService.swift; sourceTree = "<group>"; };
		0E4087F72433F106004CA1C9 /* ViewController.swift */ = {isa = PBXFileReference; fileEncoding = 4; lastKnownFileType = sourcecode.swift; path = ViewController.swift; sourceTree = "<group>"; };
		0E4087FA2433F115004CA1C9 /* Base */ = {isa = PBXFileReference; lastKnownFileType = file.storyboard; name = Base; path = Base.lproj/Main.storyboard; sourceTree = "<group>"; };
		0E4087FC2433F299004CA1C9 /* Guess1.xib */ = {isa = PBXFileReference; fileEncoding = 4; lastKnownFileType = file.xib; path = Guess1.xib; sourceTree = "<group>"; };
		0E4087FD2433F299004CA1C9 /* Guess1ViewController.swift */ = {isa = PBXFileReference; fileEncoding = 4; lastKnownFileType = sourcecode.swift; path = Guess1ViewController.swift; sourceTree = "<group>"; };
		0E4088002433F2AB004CA1C9 /* Guess2.storyboard */ = {isa = PBXFileReference; fileEncoding = 4; lastKnownFileType = file.storyboard; path = Guess2.storyboard; sourceTree = "<group>"; };
		0E4088012433F2AB004CA1C9 /* Guess2ViewController.swift */ = {isa = PBXFileReference; fileEncoding = 4; lastKnownFileType = sourcecode.swift; path = Guess2ViewController.swift; sourceTree = "<group>"; };
		0E4088042433F66D004CA1C9 /* RecordCell.swift */ = {isa = PBXFileReference; lastKnownFileType = sourcecode.swift; path = RecordCell.swift; sourceTree = "<group>"; };
		0E40880624340ABA004CA1C9 /* RecordCell.xib */ = {isa = PBXFileReference; lastKnownFileType = file.xib; path = RecordCell.xib; sourceTree = "<group>"; };
		0E8AFA4D24217B2B00795EBC /* Two in one.app */ = {isa = PBXFileReference; explicitFileType = wrapper.application; includeInIndex = 0; path = "Two in one.app"; sourceTree = BUILT_PRODUCTS_DIR; };
		0E8AFA5024217B2B00795EBC /* AppDelegate.swift */ = {isa = PBXFileReference; lastKnownFileType = sourcecode.swift; path = AppDelegate.swift; sourceTree = "<group>"; };
		0E8AFA5224217B2B00795EBC /* SceneDelegate.swift */ = {isa = PBXFileReference; lastKnownFileType = sourcecode.swift; path = SceneDelegate.swift; sourceTree = "<group>"; };
		0E8AFA5924217B2C00795EBC /* Assets.xcassets */ = {isa = PBXFileReference; lastKnownFileType = folder.assetcatalog; path = Assets.xcassets; sourceTree = "<group>"; };
		0E8AFA5C24217B2C00795EBC /* Base */ = {isa = PBXFileReference; lastKnownFileType = file.storyboard; name = Base; path = Base.lproj/LaunchScreen.storyboard; sourceTree = "<group>"; };
		0E8AFA5E24217B2C00795EBC /* Info.plist */ = {isa = PBXFileReference; lastKnownFileType = text.plist.xml; path = Info.plist; sourceTree = "<group>"; };
/* End PBXFileReference section */

/* Begin PBXFrameworksBuildPhase section */
		0E8AFA4A24217B2B00795EBC /* Frameworks */ = {
			isa = PBXFrameworksBuildPhase;
			buildActionMask = 2147483647;
			files = (
			);
			runOnlyForDeploymentPostprocessing = 0;
		};
/* End PBXFrameworksBuildPhase section */

/* Begin PBXGroup section */
		0E4087E82433DA67004CA1C9 /* ApplicationLayer */ = {
			isa = PBXGroup;
			children = (
				0E8AFA5224217B2B00795EBC /* SceneDelegate.swift */,
				0E8AFA5024217B2B00795EBC /* AppDelegate.swift */,
			);
			path = ApplicationLayer;
			sourceTree = "<group>";
		};
		0E4087E92433DAAF004CA1C9 /* PresentationLayer */ = {
			isa = PBXGroup;
			children = (
				0E4087F22433EEBE004CA1C9 /* Models */,
				0E4087ED2433DB1B004CA1C9 /* Records */,
				0E4087EC2433DB10004CA1C9 /* Guess2 */,
				0E4087EB2433DB04004CA1C9 /* Guess1 */,
				0E4087EA2433DAFB004CA1C9 /* Main */,
			);
			path = PresentationLayer;
			sourceTree = "<group>";
		};
		0E4087EA2433DAFB004CA1C9 /* Main */ = {
			isa = PBXGroup;
			children = (
				0E4087F92433F115004CA1C9 /* Main.storyboard */,
				0E4087F72433F106004CA1C9 /* ViewController.swift */,
			);
			path = Main;
			sourceTree = "<group>";
		};
		0E4087EB2433DB04004CA1C9 /* Guess1 */ = {
			isa = PBXGroup;
			children = (
				0E4087FC2433F299004CA1C9 /* Guess1.xib */,
				0E4087FD2433F299004CA1C9 /* Guess1ViewController.swift */,
			);
			path = Guess1;
			sourceTree = "<group>";
		};
		0E4087EC2433DB10004CA1C9 /* Guess2 */ = {
			isa = PBXGroup;
			children = (
				0E4088002433F2AB004CA1C9 /* Guess2.storyboard */,
				0E4088012433F2AB004CA1C9 /* Guess2ViewController.swift */,
			);
			path = Guess2;
			sourceTree = "<group>";
		};
		0E4087ED2433DB1B004CA1C9 /* Records */ = {
			isa = PBXGroup;
			children = (
				0E4087EE2433DF47004CA1C9 /* Records.xib */,
				0E4087EF2433DF47004CA1C9 /* RecordsViewController.swift */,
				0E40880624340ABA004CA1C9 /* RecordCell.xib */,
			);
			path = Records;
			sourceTree = "<group>";
		};
		0E4087F22433EEBE004CA1C9 /* Models */ = {
			isa = PBXGroup;
			children = (
				0E4087F32433EED6004CA1C9 /* RecordModel.swift */,
				0E4087F52433F008004CA1C9 /* RecordsHistoryService.swift */,
				0E4088042433F66D004CA1C9 /* RecordCell.swift */,
			);
			path = Models;
			sourceTree = "<group>";
		};
		0E8AFA4424217B2B00795EBC = {
			isa = PBXGroup;
			children = (
				0E8AFA4F24217B2B00795EBC /* Two in one */,
				0E8AFA4E24217B2B00795EBC /* Products */,
			);
			sourceTree = "<group>";
		};
		0E8AFA4E24217B2B00795EBC /* Products */ = {
			isa = PBXGroup;
			children = (
				0E8AFA4D24217B2B00795EBC /* Two in one.app */,
			);
			name = Products;
			sourceTree = "<group>";
		};
		0E8AFA4F24217B2B00795EBC /* Two in one */ = {
			isa = PBXGroup;
			children = (
				0E4087E92433DAAF004CA1C9 /* PresentationLayer */,
				0E4087E82433DA67004CA1C9 /* ApplicationLayer */,
				0E8AFA5B24217B2C00795EBC /* LaunchScreen.storyboard */,
				0E8AFA5E24217B2C00795EBC /* Info.plist */,
				0E8AFA5924217B2C00795EBC /* Assets.xcassets */,
			);
			path = "Two in one";
			sourceTree = "<group>";
		};
/* End PBXGroup section */

/* Begin PBXNativeTarget section */
		0E8AFA4C24217B2B00795EBC /* Two in one */ = {
			isa = PBXNativeTarget;
			buildConfigurationList = 0E8AFA6124217B2C00795EBC /* Build configuration list for PBXNativeTarget "Two in one" */;
			buildPhases = (
				0E8AFA4924217B2B00795EBC /* Sources */,
				0E8AFA4A24217B2B00795EBC /* Frameworks */,
				0E8AFA4B24217B2B00795EBC /* Resources */,
			);
			buildRules = (
			);
			dependencies = (
			);
			name = "Two in one";
			productName = "Two in one";
			productReference = 0E8AFA4D24217B2B00795EBC /* Two in one.app */;
			productType = "com.apple.product-type.application";
		};
/* End PBXNativeTarget section */

/* Begin PBXProject section */
		0E8AFA4524217B2B00795EBC /* Project object */ = {
			isa = PBXProject;
			attributes = {
				LastSwiftUpdateCheck = 1130;
				LastUpgradeCheck = 1130;
				ORGANIZATIONNAME = "Мирошниченко Марина";
				TargetAttributes = {
					0E8AFA4C24217B2B00795EBC = {
						CreatedOnToolsVersion = 11.3.1;
					};
				};
			};
			buildConfigurationList = 0E8AFA4824217B2B00795EBC /* Build configuration list for PBXProject "Two in one" */;
			compatibilityVersion = "Xcode 9.3";
			developmentRegion = en;
			hasScannedForEncodings = 0;
			knownRegions = (
				en,
				Base,
			);
			mainGroup = 0E8AFA4424217B2B00795EBC;
			productRefGroup = 0E8AFA4E24217B2B00795EBC /* Products */;
			projectDirPath = "";
			projectRoot = "";
			targets = (
				0E8AFA4C24217B2B00795EBC /* Two in one */,
			);
		};
/* End PBXProject section */

/* Begin PBXResourcesBuildPhase section */
		0E8AFA4B24217B2B00795EBC /* Resources */ = {
			isa = PBXResourcesBuildPhase;
			buildActionMask = 2147483647;
			files = (
				0E8AFA5D24217B2C00795EBC /* LaunchScreen.storyboard in Resources */,
				0E4088022433F2AB004CA1C9 /* Guess2.storyboard in Resources */,
				0E4087F02433DF47004CA1C9 /* Records.xib in Resources */,
				0E4087FE2433F29A004CA1C9 /* Guess1.xib in Resources */,
				0E4087FB2433F115004CA1C9 /* Main.storyboard in Resources */,
				0E8AFA5A24217B2C00795EBC /* Assets.xcassets in Resources */,
				0E40880724340ABA004CA1C9 /* RecordCell.xib in Resources */,
			);
			runOnlyForDeploymentPostprocessing = 0;
		};
/* End PBXResourcesBuildPhase section */

/* Begin PBXSourcesBuildPhase section */
		0E8AFA4924217B2B00795EBC /* Sources */ = {
			isa = PBXSourcesBuildPhase;
			buildActionMask = 2147483647;
			files = (
				0E4087F62433F008004CA1C9 /* RecordsHistoryService.swift in Sources */,
				0E8AFA5124217B2B00795EBC /* AppDelegate.swift in Sources */,
				0E4087F42433EED6004CA1C9 /* RecordModel.swift in Sources */,
				0E4087FF2433F29A004CA1C9 /* Guess1ViewController.swift in Sources */,
				0E4088052433F66D004CA1C9 /* RecordCell.swift in Sources */,
				0E8AFA5324217B2B00795EBC /* SceneDelegate.swift in Sources */,
				0E4088032433F2AB004CA1C9 /* Guess2ViewController.swift in Sources */,
				0E4087F82433F106004CA1C9 /* ViewController.swift in Sources */,
				0E4087F12433DF47004CA1C9 /* RecordsViewController.swift in Sources */,
			);
			runOnlyForDeploymentPostprocessing = 0;
		};
/* End PBXSourcesBuildPhase section */

/* Begin PBXVariantGroup section */
		0E4087F92433F115004CA1C9 /* Main.storyboard */ = {
			isa = PBXVariantGroup;
			children = (
				0E4087FA2433F115004CA1C9 /* Base */,
			);
			name = Main.storyboard;
			sourceTree = "<group>";
		};
		0E8AFA5B24217B2C00795EBC /* LaunchScreen.storyboard */ = {
			isa = PBXVariantGroup;
			children = (
				0E8AFA5C24217B2C00795EBC /* Base */,
			);
			name = LaunchScreen.storyboard;
			sourceTree = "<group>";
		};
/* End PBXVariantGroup section */

/* Begin XCBuildConfiguration section */
		0E8AFA5F24217B2C00795EBC /* Debug */ = {
			isa = XCBuildConfiguration;
			buildSettings = {
				ALWAYS_SEARCH_USER_PATHS = NO;
				CLANG_ANALYZER_NONNULL = YES;
				CLANG_ANALYZER_NUMBER_OBJECT_CONVERSION = YES_AGGRESSIVE;
				CLANG_CXX_LANGUAGE_STANDARD = "gnu++14";
				CLANG_CXX_LIBRARY = "libc++";
				CLANG_ENABLE_MODULES = YES;
				CLANG_ENABLE_OBJC_ARC = YES;
				CLANG_ENABLE_OBJC_WEAK = YES;
				CLANG_WARN_BLOCK_CAPTURE_AUTORELEASING = YES;
				CLANG_WARN_BOOL_CONVERSION = YES;
				CLANG_WARN_COMMA = YES;
				CLANG_WARN_CONSTANT_CONVERSION = YES;
				CLANG_WARN_DEPRECATED_OBJC_IMPLEMENTATIONS = YES;
				CLANG_WARN_DIRECT_OBJC_ISA_USAGE = YES_ERROR;
				CLANG_WARN_DOCUMENTATION_COMMENTS = YES;
				CLANG_WARN_EMPTY_BODY = YES;
				CLANG_WARN_ENUM_CONVERSION = YES;
				CLANG_WARN_INFINITE_RECURSION = YES;
				CLANG_WARN_INT_CONVERSION = YES;
				CLANG_WARN_NON_LITERAL_NULL_CONVERSION = YES;
				CLANG_WARN_OBJC_IMPLICIT_RETAIN_SELF = YES;
				CLANG_WARN_OBJC_LITERAL_CONVERSION = YES;
				CLANG_WARN_OBJC_ROOT_CLASS = YES_ERROR;
				CLANG_WARN_RANGE_LOOP_ANALYSIS = YES;
				CLANG_WARN_STRICT_PROTOTYPES = YES;
				CLANG_WARN_SUSPICIOUS_MOVE = YES;
				CLANG_WARN_UNGUARDED_AVAILABILITY = YES_AGGRESSIVE;
				CLANG_WARN_UNREACHABLE_CODE = YES;
				CLANG_WARN__DUPLICATE_METHOD_MATCH = YES;
				COPY_PHASE_STRIP = NO;
				DEBUG_INFORMATION_FORMAT = dwarf;
				ENABLE_STRICT_OBJC_MSGSEND = YES;
				ENABLE_TESTABILITY = YES;
				GCC_C_LANGUAGE_STANDARD = gnu11;
				GCC_DYNAMIC_NO_PIC = NO;
				GCC_NO_COMMON_BLOCKS = YES;
				GCC_OPTIMIZATION_LEVEL = 0;
				GCC_PREPROCESSOR_DEFINITIONS = (
					"DEBUG=1",
					"$(inherited)",
				);
				GCC_WARN_64_TO_32_BIT_CONVERSION = YES;
				GCC_WARN_ABOUT_RETURN_TYPE = YES_ERROR;
				GCC_WARN_UNDECLARED_SELECTOR = YES;
				GCC_WARN_UNINITIALIZED_AUTOS = YES_AGGRESSIVE;
				GCC_WARN_UNUSED_FUNCTION = YES;
				GCC_WARN_UNUSED_VARIABLE = YES;
				IPHONEOS_DEPLOYMENT_TARGET = 13.2;
				MTL_ENABLE_DEBUG_INFO = INCLUDE_SOURCE;
				MTL_FAST_MATH = YES;
				ONLY_ACTIVE_ARCH = YES;
				SDKROOT = iphoneos;
				SWIFT_ACTIVE_COMPILATION_CONDITIONS = DEBUG;
				SWIFT_OPTIMIZATION_LEVEL = "-Onone";
			};
			name = Debug;
		};
		0E8AFA6024217B2C00795EBC /* Release */ = {
			isa = XCBuildConfiguration;
			buildSettings = {
				ALWAYS_SEARCH_USER_PATHS = NO;
				CLANG_ANALYZER_NONNULL = YES;
				CLANG_ANALYZER_NUMBER_OBJECT_CONVERSION = YES_AGGRESSIVE;
				CLANG_CXX_LANGUAGE_STANDARD = "gnu++14";
				CLANG_CXX_LIBRARY = "libc++";
				CLANG_ENABLE_MODULES = YES;
				CLANG_ENABLE_OBJC_ARC = YES;
				CLANG_ENABLE_OBJC_WEAK = YES;
				CLANG_WARN_BLOCK_CAPTURE_AUTORELEASING = YES;
				CLANG_WARN_BOOL_CONVERSION = YES;
				CLANG_WARN_COMMA = YES;
				CLANG_WARN_CONSTANT_CONVERSION = YES;
				CLANG_WARN_DEPRECATED_OBJC_IMPLEMENTATIONS = YES;
				CLANG_WARN_DIRECT_OBJC_ISA_USAGE = YES_ERROR;
				CLANG_WARN_DOCUMENTATION_COMMENTS = YES;
				CLANG_WARN_EMPTY_BODY = YES;
				CLANG_WARN_ENUM_CONVERSION = YES;
				CLANG_WARN_INFINITE_RECURSION = YES;
				CLANG_WARN_INT_CONVERSION = YES;
				CLANG_WARN_NON_LITERAL_NULL_CONVERSION = YES;
				CLANG_WARN_OBJC_IMPLICIT_RETAIN_SELF = YES;
				CLANG_WARN_OBJC_LITERAL_CONVERSION = YES;
				CLANG_WARN_OBJC_ROOT_CLASS = YES_ERROR;
				CLANG_WARN_RANGE_LOOP_ANALYSIS = YES;
				CLANG_WARN_STRICT_PROTOTYPES = YES;
				CLANG_WARN_SUSPICIOUS_MOVE = YES;
				CLANG_WARN_UNGUARDED_AVAILABILITY = YES_AGGRESSIVE;
				CLANG_WARN_UNREACHABLE_CODE = YES;
				CLANG_WARN__DUPLICATE_METHOD_MATCH = YES;
				COPY_PHASE_STRIP = NO;
				DEBUG_INFORMATION_FORMAT = "dwarf-with-dsym";
				ENABLE_NS_ASSERTIONS = NO;
				ENABLE_STRICT_OBJC_MSGSEND = YES;
				GCC_C_LANGUAGE_STANDARD = gnu11;
				GCC_NO_COMMON_BLOCKS = YES;
				GCC_WARN_64_TO_32_BIT_CONVERSION = YES;
				GCC_WARN_ABOUT_RETURN_TYPE = YES_ERROR;
				GCC_WARN_UNDECLARED_SELECTOR = YES;
				GCC_WARN_UNINITIALIZED_AUTOS = YES_AGGRESSIVE;
				GCC_WARN_UNUSED_FUNCTION = YES;
				GCC_WARN_UNUSED_VARIABLE = YES;
				IPHONEOS_DEPLOYMENT_TARGET = 13.2;
				MTL_ENABLE_DEBUG_INFO = NO;
				MTL_FAST_MATH = YES;
				SDKROOT = iphoneos;
				SWIFT_COMPILATION_MODE = wholemodule;
				SWIFT_OPTIMIZATION_LEVEL = "-O";
				VALIDATE_PRODUCT = YES;
			};
			name = Release;
		};
		0E8AFA6224217B2C00795EBC /* Debug */ = {
			isa = XCBuildConfiguration;
			buildSettings = {
				ASSETCATALOG_COMPILER_APPICON_NAME = AppIcon;
				CODE_SIGN_STYLE = Automatic;
				DEVELOPMENT_TEAM = ZK4JGKBN2J;
				INFOPLIST_FILE = "Two in one/Info.plist";
				LD_RUNPATH_SEARCH_PATHS = (
					"$(inherited)",
					"@executable_path/Frameworks",
				);
				PRODUCT_BUNDLE_IDENTIFIER = "com.marinmir.Two-in-one";
				PRODUCT_NAME = "$(TARGET_NAME)";
				SWIFT_VERSION = 5.0;
				TARGETED_DEVICE_FAMILY = "1,2";
			};
			name = Debug;
		};
		0E8AFA6324217B2C00795EBC /* Release */ = {
			isa = XCBuildConfiguration;
			buildSettings = {
				ASSETCATALOG_COMPILER_APPICON_NAME = AppIcon;
				CODE_SIGN_STYLE = Automatic;
				DEVELOPMENT_TEAM = ZK4JGKBN2J;
				INFOPLIST_FILE = "Two in one/Info.plist";
				LD_RUNPATH_SEARCH_PATHS = (
					"$(inherited)",
					"@executable_path/Frameworks",
				);
				PRODUCT_BUNDLE_IDENTIFIER = "com.marinmir.Two-in-one";
				PRODUCT_NAME = "$(TARGET_NAME)";
				SWIFT_VERSION = 5.0;
				TARGETED_DEVICE_FAMILY = "1,2";
			};
			name = Release;
		};
/* End XCBuildConfiguration section */

/* Begin XCConfigurationList section */
		0E8AFA4824217B2B00795EBC /* Build configuration list for PBXProject "Two in one" */ = {
			isa = XCConfigurationList;
			buildConfigurations = (
				0E8AFA5F24217B2C00795EBC /* Debug */,
				0E8AFA6024217B2C00795EBC /* Release */,
			);
			defaultConfigurationIsVisible = 0;
			defaultConfigurationName = Release;
		};
		0E8AFA6124217B2C00795EBC /* Build configuration list for PBXNativeTarget "Two in one" */ = {
			isa = XCConfigurationList;
			buildConfigurations = (
				0E8AFA6224217B2C00795EBC /* Debug */,
				0E8AFA6324217B2C00795EBC /* Release */,
			);
			defaultConfigurationIsVisible = 0;
			defaultConfigurationName = Release;
		};
/* End XCConfigurationList section */
	};
	rootObject = 0E8AFA4524217B2B00795EBC /* Project object */;
}
